{
    "_meta": {
        "hash": {
            "sha256": "3720c7ef6576813c2f8d4adb4137db143370811786c609383eaa240f66abd93d"
        },
        "pipfile-spec": 6,
        "requires": {
            "python_version": "3.6"
        },
        "sources": [
            {
                "name": "pypi",
                "url": "https://pypi.org/simple",
                "verify_ssl": true
            }
        ]
    },
    "default": {
        "pyexifinfo": {
            "hashes": [
                "sha256:578b34b3c593fe77bbe6b62588f9f2ec679dca63f7d486148c9a6ff1fdd4bdc9"
            ],
            "index": "pypi",
            "version": "==0.4.0"
        }
    },
    "develop": {}
}
